
Microsoft Visual Studio Solution File, Format Version 12.00
# Visual Studio 15
VisualStudioVersion = 15.0.27130.2027
MinimumVisualStudioVersion = 10.0.40219.1
Project("{FAE04EC0-301F-11D3-BF4B-00C04F79EFBC}") = "PrismaWEB", "PrismaWEB\PrismaWEB.csproj", "{07A9B7EC-DFEF-4183-8466-091EA52759A2}"
EndProject
Global
	GlobalSection(SolutionConfigurationPlatforms) = preSolution
		Debug|Any CPU = Debug|Any CPU
		Release|Any CPU = Release|Any CPU
	EndGlobalSection
	GlobalSection(ProjectConfigurationPlatforms) = postSolution
		{07A9B7EC-DFEF-4183-8466-091EA52759A2}.Debug|Any CPU.ActiveCfg = Debug|Any CPU
		{07A9B7EC-DFEF-4183-8466-091EA52759A2}.Debug|Any CPU.Build.0 = Debug|Any CPU
		{07A9B7EC-DFEF-4183-8466-091EA52759A2}.Release|Any CPU.ActiveCfg = Release|Any CPU
		{07A9B7EC-DFEF-4183-8466-091EA52759A2}.Release|Any CPU.Build.0 = Release|Any CPU
	EndGlobalSection
	GlobalSection(SolutionProperties) = preSolution
		HideSolutionNode = FALSE
	EndGlobalSection
	GlobalSection(ExtensibilityGlobals) = postSolution
		SolutionGuid = {F08C687C-2530-46D2-A269-1EF2DDAB32B5}
	EndGlobalSection
EndGlobal
